
Microsoft Visual Studio Solution File, Format Version 12.00
# Visual Studio Version 17
VisualStudioVersion = 17.5.33627.172
MinimumVisualStudioVersion = 10.0.40219.1
Project("{FAE04EC0-301F-11D3-BF4B-00C04F79EFBC}") = "pr-22.102_Kuznetsov_authorization", "pr-22.102_Kuznetsov_authorization\pr-22.102_Kuznetsov_authorization.csproj", "{D3B26966-1751-438F-A4DB-1D22FC96000C}"
EndProject
Global
	GlobalSection(SolutionConfigurationPlatforms) = preSolution
		Debug|Any CPU = Debug|Any CPU
		Release|Any CPU = Release|Any CPU
	EndGlobalSection
	GlobalSection(ProjectConfigurationPlatforms) = postSolution
		{D3B26966-1751-438F-A4DB-1D22FC96000C}.Debug|Any CPU.ActiveCfg = Debug|Any CPU
		{D3B26966-1751-438F-A4DB-1D22FC96000C}.Debug|Any CPU.Build.0 = Debug|Any CPU
		{D3B26966-1751-438F-A4DB-1D22FC96000C}.Release|Any CPU.ActiveCfg = Release|Any CPU
		{D3B26966-1751-438F-A4DB-1D22FC96000C}.Release|Any CPU.Build.0 = Release|Any CPU
	EndGlobalSection
	GlobalSection(SolutionProperties) = preSolution
		HideSolutionNode = FALSE
	EndGlobalSection
	GlobalSection(ExtensibilityGlobals) = postSolution
		SolutionGuid = {41A7B90F-27D7-4577-BC1F-8F18A635848F}
	EndGlobalSection
EndGlobal
